
Microsoft Visual Studio Solution File, Format Version 12.00
# Visual Studio Version 16
VisualStudioVersion = 16.0.31112.23
MinimumVisualStudioVersion = 10.0.40219.1
Project("{FAE04EC0-301F-11D3-BF4B-00C04F79EFBC}") = "MySuperCalculator", "MySuperCalculator\MySuperCalculator.csproj", "{FF572791-2A11-48C6-B268-EBAA2F5B58C6}"
EndProject
Global
	GlobalSection(SolutionConfigurationPlatforms) = preSolution
		Debug|Any CPU = Debug|Any CPU
		Release|Any CPU = Release|Any CPU
	EndGlobalSection
	GlobalSection(ProjectConfigurationPlatforms) = postSolution
		{FF572791-2A11-48C6-B268-EBAA2F5B58C6}.Debug|Any CPU.ActiveCfg = Debug|Any CPU
		{FF572791-2A11-48C6-B268-EBAA2F5B58C6}.Debug|Any CPU.Build.0 = Debug|Any CPU
		{FF572791-2A11-48C6-B268-EBAA2F5B58C6}.Release|Any CPU.ActiveCfg = Release|Any CPU
		{FF572791-2A11-48C6-B268-EBAA2F5B58C6}.Release|Any CPU.Build.0 = Release|Any CPU
	EndGlobalSection
	GlobalSection(SolutionProperties) = preSolution
		HideSolutionNode = FALSE
	EndGlobalSection
	GlobalSection(ExtensibilityGlobals) = postSolution
		SolutionGuid = {B5716926-A466-4033-9B0F-1268BB81FCFD}
	EndGlobalSection
EndGlobal
